
Microsoft Visual Studio Solution File, Format Version 12.00
# Visual Studio Version 17
VisualStudioVersion = 17.5.33424.131
MinimumVisualStudioVersion = 10.0.40219.1
Project("{FAE04EC0-301F-11D3-BF4B-00C04F79EFBC}") = "Dotnet-Console-App", "Dotnet-Console-App\Dotnet-Console-App.csproj", "{7D1F810D-BFB1-4F80-BEBF-84B00F681AD0}"
EndProject
Global
	GlobalSection(SolutionConfigurationPlatforms) = preSolution
		Debug|Any CPU = Debug|Any CPU
		Release|Any CPU = Release|Any CPU
	EndGlobalSection
	GlobalSection(ProjectConfigurationPlatforms) = postSolution
		{7D1F810D-BFB1-4F80-BEBF-84B00F681AD0}.Debug|Any CPU.ActiveCfg = Debug|Any CPU
		{7D1F810D-BFB1-4F80-BEBF-84B00F681AD0}.Debug|Any CPU.Build.0 = Debug|Any CPU
		{7D1F810D-BFB1-4F80-BEBF-84B00F681AD0}.Release|Any CPU.ActiveCfg = Release|Any CPU
		{7D1F810D-BFB1-4F80-BEBF-84B00F681AD0}.Release|Any CPU.Build.0 = Release|Any CPU
	EndGlobalSection
	GlobalSection(SolutionProperties) = preSolution
		HideSolutionNode = FALSE
	EndGlobalSection
	GlobalSection(ExtensibilityGlobals) = postSolution
		SolutionGuid = {23E937AA-CA88-4683-9952-373829A636B0}
	EndGlobalSection
EndGlobal
